// !$*UTF8*$!
{
	archiveVersion = 1;
	classes = {
	};
	objectVersion = 50;
	objects = {

/* Begin PBXBuildFile section */
		6F22526E2374489D00D0E312 /* ViewCoordinator.swift in Sources */ = {isa = PBXBuildFile; fileRef = 6F22526D2374489D00D0E312 /* ViewCoordinator.swift */; };
		6F22527023744C8D00D0E312 /* MainCoordinator.swift in Sources */ = {isa = PBXBuildFile; fileRef = 6F22526F23744C8D00D0E312 /* MainCoordinator.swift */; };
		6F8D086D237436910081BC99 /* UIViewController+Containment.swift in Sources */ = {isa = PBXBuildFile; fileRef = 6F8D086C237436910081BC99 /* UIViewController+Containment.swift */; };
		6F8D0877237444CD0081BC99 /* ScheduleCoordinator.swift in Sources */ = {isa = PBXBuildFile; fileRef = 6F8D0876237444CD0081BC99 /* ScheduleCoordinator.swift */; };
		6FE84C4C2374144E007CC3EE /* AppDelegate.swift in Sources */ = {isa = PBXBuildFile; fileRef = 6FE84C4B2374144E007CC3EE /* AppDelegate.swift */; };
		6FE84C4E2374144E007CC3EE /* SceneDelegate.swift in Sources */ = {isa = PBXBuildFile; fileRef = 6FE84C4D2374144E007CC3EE /* SceneDelegate.swift */; };
		6FE84C5523741450007CC3EE /* Assets.xcassets in Resources */ = {isa = PBXBuildFile; fileRef = 6FE84C5423741450007CC3EE /* Assets.xcassets */; };
		6FE84C5823741450007CC3EE /* LaunchScreen.storyboard in Resources */ = {isa = PBXBuildFile; fileRef = 6FE84C5623741450007CC3EE /* LaunchScreen.storyboard */; };
		6FE84C602374156B007CC3EE /* README.md in Resources */ = {isa = PBXBuildFile; fileRef = 6FE84C5F2374156B007CC3EE /* README.md */; };
		6FE84C6B23741B2E007CC3EE /* OnboardingViewController.swift in Sources */ = {isa = PBXBuildFile; fileRef = 6FE84C6A23741B2E007CC3EE /* OnboardingViewController.swift */; };
		6FE84C70237420DC007CC3EE /* MainViewController.swift in Sources */ = {isa = PBXBuildFile; fileRef = 6FE84C6F237420DC007CC3EE /* MainViewController.swift */; };
		6FE84C742374230D007CC3EE /* TermsViewController.swift in Sources */ = {isa = PBXBuildFile; fileRef = 6FE84C722374230D007CC3EE /* TermsViewController.swift */; };
		6FE84C752374230D007CC3EE /* TermsViewController.xib in Resources */ = {isa = PBXBuildFile; fileRef = 6FE84C732374230D007CC3EE /* TermsViewController.xib */; };
		6FE84C77237423F2007CC3EE /* OnboardingViewController.xib in Resources */ = {isa = PBXBuildFile; fileRef = 6FE84C76237423F2007CC3EE /* OnboardingViewController.xib */; };
		6FE84C79237424DF007CC3EE /* OnboardingCoordinator.swift in Sources */ = {isa = PBXBuildFile; fileRef = 6FE84C78237424DF007CC3EE /* OnboardingCoordinator.swift */; };
/* End PBXBuildFile section */

/* Begin PBXFileReference section */
		6F22526D2374489D00D0E312 /* ViewCoordinator.swift */ = {isa = PBXFileReference; lastKnownFileType = sourcecode.swift; path = ViewCoordinator.swift; sourceTree = "<group>"; };
		6F22526F23744C8D00D0E312 /* MainCoordinator.swift */ = {isa = PBXFileReference; lastKnownFileType = sourcecode.swift; path = MainCoordinator.swift; sourceTree = "<group>"; };
		6F8D086C237436910081BC99 /* UIViewController+Containment.swift */ = {isa = PBXFileReference; lastKnownFileType = sourcecode.swift; path = "UIViewController+Containment.swift"; sourceTree = "<group>"; };
		6F8D0876237444CD0081BC99 /* ScheduleCoordinator.swift */ = {isa = PBXFileReference; lastKnownFileType = sourcecode.swift; path = ScheduleCoordinator.swift; sourceTree = "<group>"; };
		6FE84C482374144E007CC3EE /* Spectre.app */ = {isa = PBXFileReference; explicitFileType = wrapper.application; includeInIndex = 0; path = Spectre.app; sourceTree = BUILT_PRODUCTS_DIR; };
		6FE84C4B2374144E007CC3EE /* AppDelegate.swift */ = {isa = PBXFileReference; lastKnownFileType = sourcecode.swift; path = AppDelegate.swift; sourceTree = "<group>"; };
		6FE84C4D2374144E007CC3EE /* SceneDelegate.swift */ = {isa = PBXFileReference; lastKnownFileType = sourcecode.swift; path = SceneDelegate.swift; sourceTree = "<group>"; };
		6FE84C5423741450007CC3EE /* Assets.xcassets */ = {isa = PBXFileReference; lastKnownFileType = folder.assetcatalog; path = Assets.xcassets; sourceTree = "<group>"; };
		6FE84C5723741450007CC3EE /* Base */ = {isa = PBXFileReference; lastKnownFileType = file.storyboard; name = Base; path = Base.lproj/LaunchScreen.storyboard; sourceTree = "<group>"; };
		6FE84C5923741450007CC3EE /* Info.plist */ = {isa = PBXFileReference; lastKnownFileType = text.plist.xml; path = Info.plist; sourceTree = "<group>"; };
		6FE84C5F2374156B007CC3EE /* README.md */ = {isa = PBXFileReference; fileEncoding = 4; lastKnownFileType = net.daringfireball.markdown; path = README.md; sourceTree = "<group>"; };
		6FE84C6A23741B2E007CC3EE /* OnboardingViewController.swift */ = {isa = PBXFileReference; lastKnownFileType = sourcecode.swift; path = OnboardingViewController.swift; sourceTree = "<group>"; };
		6FE84C6F237420DC007CC3EE /* MainViewController.swift */ = {isa = PBXFileReference; lastKnownFileType = sourcecode.swift; path = MainViewController.swift; sourceTree = "<group>"; };
		6FE84C722374230D007CC3EE /* TermsViewController.swift */ = {isa = PBXFileReference; lastKnownFileType = sourcecode.swift; path = TermsViewController.swift; sourceTree = "<group>"; };
		6FE84C732374230D007CC3EE /* TermsViewController.xib */ = {isa = PBXFileReference; lastKnownFileType = file.xib; path = TermsViewController.xib; sourceTree = "<group>"; };
		6FE84C76237423F2007CC3EE /* OnboardingViewController.xib */ = {isa = PBXFileReference; lastKnownFileType = file.xib; path = OnboardingViewController.xib; sourceTree = "<group>"; };
		6FE84C78237424DF007CC3EE /* OnboardingCoordinator.swift */ = {isa = PBXFileReference; lastKnownFileType = sourcecode.swift; path = OnboardingCoordinator.swift; sourceTree = "<group>"; };
/* End PBXFileReference section */

/* Begin PBXFrameworksBuildPhase section */
		6FE84C452374144E007CC3EE /* Frameworks */ = {
			isa = PBXFrameworksBuildPhase;
			buildActionMask = 2147483647;
			files = (
			);
			runOnlyForDeploymentPostprocessing = 0;
		};
/* End PBXFrameworksBuildPhase section */

/* Begin PBXGroup section */
		6F2252712374531A00D0E312 /* MainScreen */ = {
			isa = PBXGroup;
			children = (
				6F22526F23744C8D00D0E312 /* MainCoordinator.swift */,
				6FE84C6F237420DC007CC3EE /* MainViewController.swift */,
			);
			path = MainScreen;
			sourceTree = "<group>";
		};
		6F8D086B2374367C0081BC99 /* Extensions */ = {
			isa = PBXGroup;
			children = (
				6F8D086C237436910081BC99 /* UIViewController+Containment.swift */,
			);
			path = Extensions;
			sourceTree = "<group>";
		};
		6F8D0872237444810081BC99 /* ScheduleScreen */ = {
			isa = PBXGroup;
			children = (
				6F8D0876237444CD0081BC99 /* ScheduleCoordinator.swift */,
			);
			path = ScheduleScreen;
			sourceTree = "<group>";
		};
		6F8D08732374448B0081BC99 /* AgendaScreen */ = {
			isa = PBXGroup;
			children = (
			);
			path = AgendaScreen;
			sourceTree = "<group>";
		};
		6F8D0874237444930081BC99 /* NetworkingScreen */ = {
			isa = PBXGroup;
			children = (
			);
			path = NetworkingScreen;
			sourceTree = "<group>";
		};
		6F8D0875237444A60081BC99 /* MoreScreen */ = {
			isa = PBXGroup;
			children = (
			);
			path = MoreScreen;
			sourceTree = "<group>";
		};
		6FE84C3F2374144E007CC3EE = {
			isa = PBXGroup;
			children = (
				6FE84C5F2374156B007CC3EE /* README.md */,
				6FE84C4A2374144E007CC3EE /* Spectre */,
				6FE84C492374144E007CC3EE /* Products */,
			);
			sourceTree = "<group>";
		};
		6FE84C492374144E007CC3EE /* Products */ = {
			isa = PBXGroup;
			children = (
				6FE84C482374144E007CC3EE /* Spectre.app */,
			);
			name = Products;
			sourceTree = "<group>";
		};
		6FE84C4A2374144E007CC3EE /* Spectre */ = {
			isa = PBXGroup;
			children = (
				6FE84C71237422A3007CC3EE /* Views */,
				6FE84C4B2374144E007CC3EE /* AppDelegate.swift */,
				6FE84C4D2374144E007CC3EE /* SceneDelegate.swift */,
				6FE84C5423741450007CC3EE /* Assets.xcassets */,
				6FE84C5623741450007CC3EE /* LaunchScreen.storyboard */,
				6FE84C5923741450007CC3EE /* Info.plist */,
			);
			path = Spectre;
			sourceTree = "<group>";
		};
		6FE84C612374184C007CC3EE /* OnboardingScreen */ = {
			isa = PBXGroup;
			children = (
				6FE84C78237424DF007CC3EE /* OnboardingCoordinator.swift */,
				6FE84C6A23741B2E007CC3EE /* OnboardingViewController.swift */,
				6FE84C76237423F2007CC3EE /* OnboardingViewController.xib */,
				6FE84C722374230D007CC3EE /* TermsViewController.swift */,
				6FE84C732374230D007CC3EE /* TermsViewController.xib */,
			);
			path = OnboardingScreen;
			sourceTree = "<group>";
		};
		6FE84C71237422A3007CC3EE /* Views */ = {
			isa = PBXGroup;
			children = (
				6F2252712374531A00D0E312 /* MainScreen */,
				6FE84C612374184C007CC3EE /* OnboardingScreen */,
				6F8D08732374448B0081BC99 /* AgendaScreen */,
				6F8D086B2374367C0081BC99 /* Extensions */,
				6F8D0875237444A60081BC99 /* MoreScreen */,
				6F8D0874237444930081BC99 /* NetworkingScreen */,
				6F8D0872237444810081BC99 /* ScheduleScreen */,
				6F22526D2374489D00D0E312 /* ViewCoordinator.swift */,
			);
			path = Views;
			sourceTree = "<group>";
		};
/* End PBXGroup section */

/* Begin PBXNativeTarget section */
		6FE84C472374144E007CC3EE /* Spectre */ = {
			isa = PBXNativeTarget;
			buildConfigurationList = 6FE84C5C23741450007CC3EE /* Build configuration list for PBXNativeTarget "Spectre" */;
			buildPhases = (
				6FE84C442374144E007CC3EE /* Sources */,
				6FE84C452374144E007CC3EE /* Frameworks */,
				6FE84C462374144E007CC3EE /* Resources */,
			);
			buildRules = (
			);
			dependencies = (
			);
			name = Spectre;
			productName = Spectre;
			productReference = 6FE84C482374144E007CC3EE /* Spectre.app */;
			productType = "com.apple.product-type.application";
		};
/* End PBXNativeTarget section */

/* Begin PBXProject section */
		6FE84C402374144E007CC3EE /* Project object */ = {
			isa = PBXProject;
			attributes = {
				LastSwiftUpdateCheck = 1120;
				LastUpgradeCheck = 1120;
				ORGANIZATIONNAME = "Dorin Danciu";
				TargetAttributes = {
					6FE84C472374144E007CC3EE = {
						CreatedOnToolsVersion = 11.2;
					};
				};
			};
			buildConfigurationList = 6FE84C432374144E007CC3EE /* Build configuration list for PBXProject "Spectre" */;
			compatibilityVersion = "Xcode 9.3";
			developmentRegion = en;
			hasScannedForEncodings = 0;
			knownRegions = (
				en,
				Base,
			);
			mainGroup = 6FE84C3F2374144E007CC3EE;
			productRefGroup = 6FE84C492374144E007CC3EE /* Products */;
			projectDirPath = "";
			projectRoot = "";
			targets = (
				6FE84C472374144E007CC3EE /* Spectre */,
			);
		};
/* End PBXProject section */

/* Begin PBXResourcesBuildPhase section */
		6FE84C462374144E007CC3EE /* Resources */ = {
			isa = PBXResourcesBuildPhase;
			buildActionMask = 2147483647;
			files = (
				6FE84C5823741450007CC3EE /* LaunchScreen.storyboard in Resources */,
				6FE84C5523741450007CC3EE /* Assets.xcassets in Resources */,
				6FE84C602374156B007CC3EE /* README.md in Resources */,
				6FE84C752374230D007CC3EE /* TermsViewController.xib in Resources */,
				6FE84C77237423F2007CC3EE /* OnboardingViewController.xib in Resources */,
			);
			runOnlyForDeploymentPostprocessing = 0;
		};
/* End PBXResourcesBuildPhase section */

/* Begin PBXSourcesBuildPhase section */
		6FE84C442374144E007CC3EE /* Sources */ = {
			isa = PBXSourcesBuildPhase;
			buildActionMask = 2147483647;
			files = (
				6FE84C4C2374144E007CC3EE /* AppDelegate.swift in Sources */,
				6F8D086D237436910081BC99 /* UIViewController+Containment.swift in Sources */,
				6FE84C4E2374144E007CC3EE /* SceneDelegate.swift in Sources */,
				6F22527023744C8D00D0E312 /* MainCoordinator.swift in Sources */,
				6FE84C79237424DF007CC3EE /* OnboardingCoordinator.swift in Sources */,
				6F8D0877237444CD0081BC99 /* ScheduleCoordinator.swift in Sources */,
				6FE84C6B23741B2E007CC3EE /* OnboardingViewController.swift in Sources */,
				6FE84C742374230D007CC3EE /* TermsViewController.swift in Sources */,
				6FE84C70237420DC007CC3EE /* MainViewController.swift in Sources */,
				6F22526E2374489D00D0E312 /* ViewCoordinator.swift in Sources */,
			);
			runOnlyForDeploymentPostprocessing = 0;
		};
/* End PBXSourcesBuildPhase section */

/* Begin PBXVariantGroup section */
		6FE84C5623741450007CC3EE /* LaunchScreen.storyboard */ = {
			isa = PBXVariantGroup;
			children = (
				6FE84C5723741450007CC3EE /* Base */,
			);
			name = LaunchScreen.storyboard;
			sourceTree = "<group>";
		};
/* End PBXVariantGroup section */

/* Begin XCBuildConfiguration section */
		6FE84C5A23741450007CC3EE /* Debug */ = {
			isa = XCBuildConfiguration;
			buildSettings = {
				ALWAYS_SEARCH_USER_PATHS = NO;
				CLANG_ANALYZER_NONNULL = YES;
				CLANG_ANALYZER_NUMBER_OBJECT_CONVERSION = YES_AGGRESSIVE;
				CLANG_CXX_LANGUAGE_STANDARD = "gnu++14";
				CLANG_CXX_LIBRARY = "libc++";
				CLANG_ENABLE_MODULES = YES;
				CLANG_ENABLE_OBJC_ARC = YES;
				CLANG_ENABLE_OBJC_WEAK = YES;
				CLANG_WARN_BLOCK_CAPTURE_AUTORELEASING = YES;
				CLANG_WARN_BOOL_CONVERSION = YES;
				CLANG_WARN_COMMA = YES;
				CLANG_WARN_CONSTANT_CONVERSION = YES;
				CLANG_WARN_DEPRECATED_OBJC_IMPLEMENTATIONS = YES;
				CLANG_WARN_DIRECT_OBJC_ISA_USAGE = YES_ERROR;
				CLANG_WARN_DOCUMENTATION_COMMENTS = YES;
				CLANG_WARN_EMPTY_BODY = YES;
				CLANG_WARN_ENUM_CONVERSION = YES;
				CLANG_WARN_INFINITE_RECURSION = YES;
				CLANG_WARN_INT_CONVERSION = YES;
				CLANG_WARN_NON_LITERAL_NULL_CONVERSION = YES;
				CLANG_WARN_OBJC_IMPLICIT_RETAIN_SELF = YES;
				CLANG_WARN_OBJC_LITERAL_CONVERSION = YES;
				CLANG_WARN_OBJC_ROOT_CLASS = YES_ERROR;
				CLANG_WARN_RANGE_LOOP_ANALYSIS = YES;
				CLANG_WARN_STRICT_PROTOTYPES = YES;
				CLANG_WARN_SUSPICIOUS_MOVE = YES;
				CLANG_WARN_UNGUARDED_AVAILABILITY = YES_AGGRESSIVE;
				CLANG_WARN_UNREACHABLE_CODE = YES;
				CLANG_WARN__DUPLICATE_METHOD_MATCH = YES;
				COPY_PHASE_STRIP = NO;
				DEBUG_INFORMATION_FORMAT = dwarf;
				ENABLE_STRICT_OBJC_MSGSEND = YES;
				ENABLE_TESTABILITY = YES;
				GCC_C_LANGUAGE_STANDARD = gnu11;
				GCC_DYNAMIC_NO_PIC = NO;
				GCC_NO_COMMON_BLOCKS = YES;
				GCC_OPTIMIZATION_LEVEL = 0;
				GCC_PREPROCESSOR_DEFINITIONS = (
					"DEBUG=1",
					"$(inherited)",
				);
				GCC_WARN_64_TO_32_BIT_CONVERSION = YES;
				GCC_WARN_ABOUT_RETURN_TYPE = YES_ERROR;
				GCC_WARN_UNDECLARED_SELECTOR = YES;
				GCC_WARN_UNINITIALIZED_AUTOS = YES_AGGRESSIVE;
				GCC_WARN_UNUSED_FUNCTION = YES;
				GCC_WARN_UNUSED_VARIABLE = YES;
				IPHONEOS_DEPLOYMENT_TARGET = 13.2;
				MTL_ENABLE_DEBUG_INFO = INCLUDE_SOURCE;
				MTL_FAST_MATH = YES;
				ONLY_ACTIVE_ARCH = YES;
				SDKROOT = iphoneos;
				SWIFT_ACTIVE_COMPILATION_CONDITIONS = DEBUG;
				SWIFT_OPTIMIZATION_LEVEL = "-Onone";
			};
			name = Debug;
		};
		6FE84C5B23741450007CC3EE /* Release */ = {
			isa = XCBuildConfiguration;
			buildSettings = {
				ALWAYS_SEARCH_USER_PATHS = NO;
				CLANG_ANALYZER_NONNULL = YES;
				CLANG_ANALYZER_NUMBER_OBJECT_CONVERSION = YES_AGGRESSIVE;
				CLANG_CXX_LANGUAGE_STANDARD = "gnu++14";
				CLANG_CXX_LIBRARY = "libc++";
				CLANG_ENABLE_MODULES = YES;
				CLANG_ENABLE_OBJC_ARC = YES;
				CLANG_ENABLE_OBJC_WEAK = YES;
				CLANG_WARN_BLOCK_CAPTURE_AUTORELEASING = YES;
				CLANG_WARN_BOOL_CONVERSION = YES;
				CLANG_WARN_COMMA = YES;
				CLANG_WARN_CONSTANT_CONVERSION = YES;
				CLANG_WARN_DEPRECATED_OBJC_IMPLEMENTATIONS = YES;
				CLANG_WARN_DIRECT_OBJC_ISA_USAGE = YES_ERROR;
				CLANG_WARN_DOCUMENTATION_COMMENTS = YES;
				CLANG_WARN_EMPTY_BODY = YES;
				CLANG_WARN_ENUM_CONVERSION = YES;
				CLANG_WARN_INFINITE_RECURSION = YES;
				CLANG_WARN_INT_CONVERSION = YES;
				CLANG_WARN_NON_LITERAL_NULL_CONVERSION = YES;
				CLANG_WARN_OBJC_IMPLICIT_RETAIN_SELF = YES;
				CLANG_WARN_OBJC_LITERAL_CONVERSION = YES;
				CLANG_WARN_OBJC_ROOT_CLASS = YES_ERROR;
				CLANG_WARN_RANGE_LOOP_ANALYSIS = YES;
				CLANG_WARN_STRICT_PROTOTYPES = YES;
				CLANG_WARN_SUSPICIOUS_MOVE = YES;
				CLANG_WARN_UNGUARDED_AVAILABILITY = YES_AGGRESSIVE;
				CLANG_WARN_UNREACHABLE_CODE = YES;
				CLANG_WARN__DUPLICATE_METHOD_MATCH = YES;
				COPY_PHASE_STRIP = NO;
				DEBUG_INFORMATION_FORMAT = "dwarf-with-dsym";
				ENABLE_NS_ASSERTIONS = NO;
				ENABLE_STRICT_OBJC_MSGSEND = YES;
				GCC_C_LANGUAGE_STANDARD = gnu11;
				GCC_NO_COMMON_BLOCKS = YES;
				GCC_WARN_64_TO_32_BIT_CONVERSION = YES;
				GCC_WARN_ABOUT_RETURN_TYPE = YES_ERROR;
				GCC_WARN_UNDECLARED_SELECTOR = YES;
				GCC_WARN_UNINITIALIZED_AUTOS = YES_AGGRESSIVE;
				GCC_WARN_UNUSED_FUNCTION = YES;
				GCC_WARN_UNUSED_VARIABLE = YES;
				IPHONEOS_DEPLOYMENT_TARGET = 13.2;
				MTL_ENABLE_DEBUG_INFO = NO;
				MTL_FAST_MATH = YES;
				SDKROOT = iphoneos;
				SWIFT_COMPILATION_MODE = wholemodule;
				SWIFT_OPTIMIZATION_LEVEL = "-O";
				VALIDATE_PRODUCT = YES;
			};
			name = Release;
		};
		6FE84C5D23741450007CC3EE /* Debug */ = {
			isa = XCBuildConfiguration;
			buildSettings = {
				ASSETCATALOG_COMPILER_APPICON_NAME = AppIcon;
				CODE_SIGN_STYLE = Automatic;
				INFOPLIST_FILE = Spectre/Info.plist;
				LD_RUNPATH_SEARCH_PATHS = (
					"$(inherited)",
					"@executable_path/Frameworks",
				);
				PRODUCT_BUNDLE_IDENTIFIER = com.beilmo.dt.Spectre;
				PRODUCT_NAME = "$(TARGET_NAME)";
				SWIFT_VERSION = 5.0;
				TARGETED_DEVICE_FAMILY = "1,2";
			};
			name = Debug;
		};
		6FE84C5E23741450007CC3EE /* Release */ = {
			isa = XCBuildConfiguration;
			buildSettings = {
				ASSETCATALOG_COMPILER_APPICON_NAME = AppIcon;
				CODE_SIGN_STYLE = Automatic;
				INFOPLIST_FILE = Spectre/Info.plist;
				LD_RUNPATH_SEARCH_PATHS = (
					"$(inherited)",
					"@executable_path/Frameworks",
				);
				PRODUCT_BUNDLE_IDENTIFIER = com.beilmo.dt.Spectre;
				PRODUCT_NAME = "$(TARGET_NAME)";
				SWIFT_VERSION = 5.0;
				TARGETED_DEVICE_FAMILY = "1,2";
			};
			name = Release;
		};
/* End XCBuildConfiguration section */

/* Begin XCConfigurationList section */
		6FE84C432374144E007CC3EE /* Build configuration list for PBXProject "Spectre" */ = {
			isa = XCConfigurationList;
			buildConfigurations = (
				6FE84C5A23741450007CC3EE /* Debug */,
				6FE84C5B23741450007CC3EE /* Release */,
			);
			defaultConfigurationIsVisible = 0;
			defaultConfigurationName = Release;
		};
		6FE84C5C23741450007CC3EE /* Build configuration list for PBXNativeTarget "Spectre" */ = {
			isa = XCConfigurationList;
			buildConfigurations = (
				6FE84C5D23741450007CC3EE /* Debug */,
				6FE84C5E23741450007CC3EE /* Release */,
			);
			defaultConfigurationIsVisible = 0;
			defaultConfigurationName = Release;
		};
/* End XCConfigurationList section */
	};
	rootObject = 6FE84C402374144E007CC3EE /* Project object */;
}
